
Microsoft Visual Studio Solution File, Format Version 12.00
# Visual Studio Version 16
VisualStudioVersion = 16.0.30523.141
MinimumVisualStudioVersion = 10.0.40219.1
Project("{FAE04EC0-301F-11D3-BF4B-00C04F79EFBC}") = "Formulario", "Formulario.csproj", "{84F085F6-5B51-4D57-9D41-4DF160D23675}"
EndProject
Project("{FAE04EC0-301F-11D3-BF4B-00C04F79EFBC}") = "PAGARE", "..\Papel\PAGARE\PAGARE.csproj", "{38FBCD93-C277-4FF6-883F-E46085C8DD33}"
EndProject
Global
	GlobalSection(SolutionConfigurationPlatforms) = preSolution
		Debug|Any CPU = Debug|Any CPU
		Release|Any CPU = Release|Any CPU
	EndGlobalSection
	GlobalSection(ProjectConfigurationPlatforms) = postSolution
		{84F085F6-5B51-4D57-9D41-4DF160D23675}.Debug|Any CPU.ActiveCfg = Debug|Any CPU
		{84F085F6-5B51-4D57-9D41-4DF160D23675}.Debug|Any CPU.Build.0 = Debug|Any CPU
		{84F085F6-5B51-4D57-9D41-4DF160D23675}.Release|Any CPU.ActiveCfg = Release|Any CPU
		{84F085F6-5B51-4D57-9D41-4DF160D23675}.Release|Any CPU.Build.0 = Release|Any CPU
		{38FBCD93-C277-4FF6-883F-E46085C8DD33}.Debug|Any CPU.ActiveCfg = Debug|Any CPU
		{38FBCD93-C277-4FF6-883F-E46085C8DD33}.Debug|Any CPU.Build.0 = Debug|Any CPU
		{38FBCD93-C277-4FF6-883F-E46085C8DD33}.Release|Any CPU.ActiveCfg = Release|Any CPU
		{38FBCD93-C277-4FF6-883F-E46085C8DD33}.Release|Any CPU.Build.0 = Release|Any CPU
	EndGlobalSection
	GlobalSection(SolutionProperties) = preSolution
		HideSolutionNode = FALSE
	EndGlobalSection
	GlobalSection(ExtensibilityGlobals) = postSolution
		SolutionGuid = {828B91D2-F525-409C-A894-65FFB7C80CD0}
	EndGlobalSection
EndGlobal
